
Microsoft Visual Studio Solution File, Format Version 12.00
# Visual Studio 15
VisualStudioVersion = 15.0.28010.2050
MinimumVisualStudioVersion = 10.0.40219.1
Project("{FAE04EC0-301F-11D3-BF4B-00C04F79EFBC}") = "Lab 1", "Lab 1\Lab 1.csproj", "{F4837676-680D-42C9-91D5-33D7B3FFEC24}"
EndProject
Global
	GlobalSection(SolutionConfigurationPlatforms) = preSolution
		Debug|Any CPU = Debug|Any CPU
		Release|Any CPU = Release|Any CPU
	EndGlobalSection
	GlobalSection(ProjectConfigurationPlatforms) = postSolution
		{F4837676-680D-42C9-91D5-33D7B3FFEC24}.Debug|Any CPU.ActiveCfg = Debug|Any CPU
		{F4837676-680D-42C9-91D5-33D7B3FFEC24}.Debug|Any CPU.Build.0 = Debug|Any CPU
		{F4837676-680D-42C9-91D5-33D7B3FFEC24}.Release|Any CPU.ActiveCfg = Release|Any CPU
		{F4837676-680D-42C9-91D5-33D7B3FFEC24}.Release|Any CPU.Build.0 = Release|Any CPU
	EndGlobalSection
	GlobalSection(SolutionProperties) = preSolution
		HideSolutionNode = FALSE
	EndGlobalSection
	GlobalSection(ExtensibilityGlobals) = postSolution
		SolutionGuid = {1B634512-6DAA-42E5-8855-960270777746}
	EndGlobalSection
EndGlobal
